// !$*UTF8*$!
{
	archiveVersion = 1;
	classes = {
	};
	objectVersion = 46;
	objects = {

/* Begin PBXBuildFile section */
		CD2E75B81A72463B005F6DF7 /* FeedCell.swift in Sources */ = {isa = PBXBuildFile; fileRef = CD2E75B71A72463B005F6DF7 /* FeedCell.swift */; };
		CD2E75BA1A72476B005F6DF7 /* MobileCoreServices.framework in Frameworks */ = {isa = PBXBuildFile; fileRef = CD2E75B91A72476B005F6DF7 /* MobileCoreServices.framework */; };
		CDBC75911A73DA740052F455 /* FeedItem.swift in Sources */ = {isa = PBXBuildFile; fileRef = CDBC75901A73DA740052F455 /* FeedItem.swift */; };
		CDE017BD1A716E95001C4CA4 /* AppDelegate.swift in Sources */ = {isa = PBXBuildFile; fileRef = CDE017BC1A716E95001C4CA4 /* AppDelegate.swift */; };
		CDE017C01A716E95001C4CA4 /* ExchangeAGram.xcdatamodeld in Sources */ = {isa = PBXBuildFile; fileRef = CDE017BE1A716E95001C4CA4 /* ExchangeAGram.xcdatamodeld */; };
		CDE017C51A716E95001C4CA4 /* Main.storyboard in Resources */ = {isa = PBXBuildFile; fileRef = CDE017C31A716E95001C4CA4 /* Main.storyboard */; };
		CDE017C71A716E95001C4CA4 /* Images.xcassets in Resources */ = {isa = PBXBuildFile; fileRef = CDE017C61A716E95001C4CA4 /* Images.xcassets */; };
		CDE017CA1A716E95001C4CA4 /* LaunchScreen.xib in Resources */ = {isa = PBXBuildFile; fileRef = CDE017C81A716E95001C4CA4 /* LaunchScreen.xib */; };
		CDE017D61A716E95001C4CA4 /* ExchangeAGramTests.swift in Sources */ = {isa = PBXBuildFile; fileRef = CDE017D51A716E95001C4CA4 /* ExchangeAGramTests.swift */; };
		CDE017E01A717D44001C4CA4 /* FeedViewController.swift in Sources */ = {isa = PBXBuildFile; fileRef = CDE017DF1A717D44001C4CA4 /* FeedViewController.swift */; };
/* End PBXBuildFile section */

/* Begin PBXContainerItemProxy section */
		CDE017D01A716E95001C4CA4 /* PBXContainerItemProxy */ = {
			isa = PBXContainerItemProxy;
			containerPortal = CDE017AF1A716E95001C4CA4 /* Project object */;
			proxyType = 1;
			remoteGlobalIDString = CDE017B61A716E95001C4CA4;
			remoteInfo = ExchangeAGram;
		};
/* End PBXContainerItemProxy section */

/* Begin PBXFileReference section */
		CD2E75B71A72463B005F6DF7 /* FeedCell.swift */ = {isa = PBXFileReference; fileEncoding = 4; lastKnownFileType = sourcecode.swift; path = FeedCell.swift; sourceTree = "<group>"; };
		CD2E75B91A72476B005F6DF7 /* MobileCoreServices.framework */ = {isa = PBXFileReference; lastKnownFileType = wrapper.framework; name = MobileCoreServices.framework; path = System/Library/Frameworks/MobileCoreServices.framework; sourceTree = SDKROOT; };
		CDBC75901A73DA740052F455 /* FeedItem.swift */ = {isa = PBXFileReference; fileEncoding = 4; lastKnownFileType = sourcecode.swift; path = FeedItem.swift; sourceTree = "<group>"; };
		CDE017B71A716E95001C4CA4 /* ExchangeAGram.app */ = {isa = PBXFileReference; explicitFileType = wrapper.application; includeInIndex = 0; path = ExchangeAGram.app; sourceTree = BUILT_PRODUCTS_DIR; };
		CDE017BB1A716E95001C4CA4 /* Info.plist */ = {isa = PBXFileReference; lastKnownFileType = text.plist.xml; path = Info.plist; sourceTree = "<group>"; };
		CDE017BC1A716E95001C4CA4 /* AppDelegate.swift */ = {isa = PBXFileReference; lastKnownFileType = sourcecode.swift; path = AppDelegate.swift; sourceTree = "<group>"; };
		CDE017BF1A716E95001C4CA4 /* ExchangeAGram.xcdatamodel */ = {isa = PBXFileReference; lastKnownFileType = wrapper.xcdatamodel; path = ExchangeAGram.xcdatamodel; sourceTree = "<group>"; };
		CDE017C41A716E95001C4CA4 /* Base */ = {isa = PBXFileReference; lastKnownFileType = file.storyboard; name = Base; path = Base.lproj/Main.storyboard; sourceTree = "<group>"; };
		CDE017C61A716E95001C4CA4 /* Images.xcassets */ = {isa = PBXFileReference; lastKnownFileType = folder.assetcatalog; path = Images.xcassets; sourceTree = "<group>"; };
		CDE017C91A716E95001C4CA4 /* Base */ = {isa = PBXFileReference; lastKnownFileType = file.xib; name = Base; path = Base.lproj/LaunchScreen.xib; sourceTree = "<group>"; };
		CDE017CF1A716E95001C4CA4 /* ExchangeAGramTests.xctest */ = {isa = PBXFileReference; explicitFileType = wrapper.cfbundle; includeInIndex = 0; path = ExchangeAGramTests.xctest; sourceTree = BUILT_PRODUCTS_DIR; };
		CDE017D41A716E95001C4CA4 /* Info.plist */ = {isa = PBXFileReference; lastKnownFileType = text.plist.xml; path = Info.plist; sourceTree = "<group>"; };
		CDE017D51A716E95001C4CA4 /* ExchangeAGramTests.swift */ = {isa = PBXFileReference; lastKnownFileType = sourcecode.swift; path = ExchangeAGramTests.swift; sourceTree = "<group>"; };
		CDE017DF1A717D44001C4CA4 /* FeedViewController.swift */ = {isa = PBXFileReference; fileEncoding = 4; lastKnownFileType = sourcecode.swift; path = FeedViewController.swift; sourceTree = "<group>"; };
/* End PBXFileReference section */

/* Begin PBXFrameworksBuildPhase section */
		CDE017B41A716E95001C4CA4 /* Frameworks */ = {
			isa = PBXFrameworksBuildPhase;
			buildActionMask = 2147483647;
			files = (
				CD2E75BA1A72476B005F6DF7 /* MobileCoreServices.framework in Frameworks */,
			);
			runOnlyForDeploymentPostprocessing = 0;
		};
		CDE017CC1A716E95001C4CA4 /* Frameworks */ = {
			isa = PBXFrameworksBuildPhase;
			buildActionMask = 2147483647;
			files = (
			);
			runOnlyForDeploymentPostprocessing = 0;
		};
/* End PBXFrameworksBuildPhase section */

/* Begin PBXGroup section */
		CDE017AE1A716E95001C4CA4 = {
			isa = PBXGroup;
			children = (
				CD2E75B91A72476B005F6DF7 /* MobileCoreServices.framework */,
				CDE017B91A716E95001C4CA4 /* ExchangeAGram */,
				CDE017D21A716E95001C4CA4 /* ExchangeAGramTests */,
				CDE017B81A716E95001C4CA4 /* Products */,
			);
			sourceTree = "<group>";
		};
		CDE017B81A716E95001C4CA4 /* Products */ = {
			isa = PBXGroup;
			children = (
				CDE017B71A716E95001C4CA4 /* ExchangeAGram.app */,
				CDE017CF1A716E95001C4CA4 /* ExchangeAGramTests.xctest */,
			);
			name = Products;
			sourceTree = "<group>";
		};
		CDE017B91A716E95001C4CA4 /* ExchangeAGram */ = {
			isa = PBXGroup;
			children = (
				CDE017BC1A716E95001C4CA4 /* AppDelegate.swift */,
				CDE017DF1A717D44001C4CA4 /* FeedViewController.swift */,
				CD2E75B71A72463B005F6DF7 /* FeedCell.swift */,
				CDBC75901A73DA740052F455 /* FeedItem.swift */,
				CDE017C31A716E95001C4CA4 /* Main.storyboard */,
				CDE017C61A716E95001C4CA4 /* Images.xcassets */,
				CDE017C81A716E95001C4CA4 /* LaunchScreen.xib */,
				CDE017BE1A716E95001C4CA4 /* ExchangeAGram.xcdatamodeld */,
				CDE017BA1A716E95001C4CA4 /* Supporting Files */,
			);
			path = ExchangeAGram;
			sourceTree = "<group>";
		};
		CDE017BA1A716E95001C4CA4 /* Supporting Files */ = {
			isa = PBXGroup;
			children = (
				CDE017BB1A716E95001C4CA4 /* Info.plist */,
			);
			name = "Supporting Files";
			sourceTree = "<group>";
		};
		CDE017D21A716E95001C4CA4 /* ExchangeAGramTests */ = {
			isa = PBXGroup;
			children = (
				CDE017D51A716E95001C4CA4 /* ExchangeAGramTests.swift */,
				CDE017D31A716E95001C4CA4 /* Supporting Files */,
			);
			path = ExchangeAGramTests;
			sourceTree = "<group>";
		};
		CDE017D31A716E95001C4CA4 /* Supporting Files */ = {
			isa = PBXGroup;
			children = (
				CDE017D41A716E95001C4CA4 /* Info.plist */,
			);
			name = "Supporting Files";
			sourceTree = "<group>";
		};
/* End PBXGroup section */

/* Begin PBXNativeTarget section */
		CDE017B61A716E95001C4CA4 /* ExchangeAGram */ = {
			isa = PBXNativeTarget;
			buildConfigurationList = CDE017D91A716E95001C4CA4 /* Build configuration list for PBXNativeTarget "ExchangeAGram" */;
			buildPhases = (
				CDE017B31A716E95001C4CA4 /* Sources */,
				CDE017B41A716E95001C4CA4 /* Frameworks */,
				CDE017B51A716E95001C4CA4 /* Resources */,
			);
			buildRules = (
			);
			dependencies = (
			);
			name = ExchangeAGram;
			productName = ExchangeAGram;
			productReference = CDE017B71A716E95001C4CA4 /* ExchangeAGram.app */;
			productType = "com.apple.product-type.application";
		};
		CDE017CE1A716E95001C4CA4 /* ExchangeAGramTests */ = {
			isa = PBXNativeTarget;
			buildConfigurationList = CDE017DC1A716E95001C4CA4 /* Build configuration list for PBXNativeTarget "ExchangeAGramTests" */;
			buildPhases = (
				CDE017CB1A716E95001C4CA4 /* Sources */,
				CDE017CC1A716E95001C4CA4 /* Frameworks */,
				CDE017CD1A716E95001C4CA4 /* Resources */,
			);
			buildRules = (
			);
			dependencies = (
				CDE017D11A716E95001C4CA4 /* PBXTargetDependency */,
			);
			name = ExchangeAGramTests;
			productName = ExchangeAGramTests;
			productReference = CDE017CF1A716E95001C4CA4 /* ExchangeAGramTests.xctest */;
			productType = "com.apple.product-type.bundle.unit-test";
		};
/* End PBXNativeTarget section */

/* Begin PBXProject section */
		CDE017AF1A716E95001C4CA4 /* Project object */ = {
			isa = PBXProject;
			attributes = {
				LastUpgradeCheck = 0610;
				ORGANIZATIONNAME = "Patrick Dawson";
				TargetAttributes = {
					CDE017B61A716E95001C4CA4 = {
						CreatedOnToolsVersion = 6.1.1;
					};
					CDE017CE1A716E95001C4CA4 = {
						CreatedOnToolsVersion = 6.1.1;
						TestTargetID = CDE017B61A716E95001C4CA4;
					};
				};
			};
			buildConfigurationList = CDE017B21A716E95001C4CA4 /* Build configuration list for PBXProject "ExchangeAGram" */;
			compatibilityVersion = "Xcode 3.2";
			developmentRegion = English;
			hasScannedForEncodings = 0;
			knownRegions = (
				en,
				Base,
			);
			mainGroup = CDE017AE1A716E95001C4CA4;
			productRefGroup = CDE017B81A716E95001C4CA4 /* Products */;
			projectDirPath = "";
			projectRoot = "";
			targets = (
				CDE017B61A716E95001C4CA4 /* ExchangeAGram */,
				CDE017CE1A716E95001C4CA4 /* ExchangeAGramTests */,
			);
		};
/* End PBXProject section */

/* Begin PBXResourcesBuildPhase section */
		CDE017B51A716E95001C4CA4 /* Resources */ = {
			isa = PBXResourcesBuildPhase;
			buildActionMask = 2147483647;
			files = (
				CDE017C51A716E95001C4CA4 /* Main.storyboard in Resources */,
				CDE017CA1A716E95001C4CA4 /* LaunchScreen.xib in Resources */,
				CDE017C71A716E95001C4CA4 /* Images.xcassets in Resources */,
			);
			runOnlyForDeploymentPostprocessing = 0;
		};
		CDE017CD1A716E95001C4CA4 /* Resources */ = {
			isa = PBXResourcesBuildPhase;
			buildActionMask = 2147483647;
			files = (
			);
			runOnlyForDeploymentPostprocessing = 0;
		};
/* End PBXResourcesBuildPhase section */

/* Begin PBXSourcesBuildPhase section */
		CDE017B31A716E95001C4CA4 /* Sources */ = {
			isa = PBXSourcesBuildPhase;
			buildActionMask = 2147483647;
			files = (
				CDE017BD1A716E95001C4CA4 /* AppDelegate.swift in Sources */,
				CD2E75B81A72463B005F6DF7 /* FeedCell.swift in Sources */,
				CDE017E01A717D44001C4CA4 /* FeedViewController.swift in Sources */,
				CDBC75911A73DA740052F455 /* FeedItem.swift in Sources */,
				CDE017C01A716E95001C4CA4 /* ExchangeAGram.xcdatamodeld in Sources */,
			);
			runOnlyForDeploymentPostprocessing = 0;
		};
		CDE017CB1A716E95001C4CA4 /* Sources */ = {
			isa = PBXSourcesBuildPhase;
			buildActionMask = 2147483647;
			files = (
				CDE017D61A716E95001C4CA4 /* ExchangeAGramTests.swift in Sources */,
			);
			runOnlyForDeploymentPostprocessing = 0;
		};
/* End PBXSourcesBuildPhase section */

/* Begin PBXTargetDependency section */
		CDE017D11A716E95001C4CA4 /* PBXTargetDependency */ = {
			isa = PBXTargetDependency;
			target = CDE017B61A716E95001C4CA4 /* ExchangeAGram */;
			targetProxy = CDE017D01A716E95001C4CA4 /* PBXContainerItemProxy */;
		};
/* End PBXTargetDependency section */

/* Begin PBXVariantGroup section */
		CDE017C31A716E95001C4CA4 /* Main.storyboard */ = {
			isa = PBXVariantGroup;
			children = (
				CDE017C41A716E95001C4CA4 /* Base */,
			);
			name = Main.storyboard;
			sourceTree = "<group>";
		};
		CDE017C81A716E95001C4CA4 /* LaunchScreen.xib */ = {
			isa = PBXVariantGroup;
			children = (
				CDE017C91A716E95001C4CA4 /* Base */,
			);
			name = LaunchScreen.xib;
			sourceTree = "<group>";
		};
/* End PBXVariantGroup section */

/* Begin XCBuildConfiguration section */
		CDE017D71A716E95001C4CA4 /* Debug */ = {
			isa = XCBuildConfiguration;
			buildSettings = {
				ALWAYS_SEARCH_USER_PATHS = NO;
				CLANG_CXX_LANGUAGE_STANDARD = "gnu++0x";
				CLANG_CXX_LIBRARY = "libc++";
				CLANG_ENABLE_MODULES = YES;
				CLANG_ENABLE_OBJC_ARC = YES;
				CLANG_WARN_BOOL_CONVERSION = YES;
				CLANG_WARN_CONSTANT_CONVERSION = YES;
				CLANG_WARN_DIRECT_OBJC_ISA_USAGE = YES_ERROR;
				CLANG_WARN_EMPTY_BODY = YES;
				CLANG_WARN_ENUM_CONVERSION = YES;
				CLANG_WARN_INT_CONVERSION = YES;
				CLANG_WARN_OBJC_ROOT_CLASS = YES_ERROR;
				CLANG_WARN_UNREACHABLE_CODE = YES;
				CLANG_WARN__DUPLICATE_METHOD_MATCH = YES;
				"CODE_SIGN_IDENTITY[sdk=iphoneos*]" = "iPhone Developer";
				COPY_PHASE_STRIP = NO;
				ENABLE_STRICT_OBJC_MSGSEND = YES;
				GCC_C_LANGUAGE_STANDARD = gnu99;
				GCC_DYNAMIC_NO_PIC = NO;
				GCC_OPTIMIZATION_LEVEL = 0;
				GCC_PREPROCESSOR_DEFINITIONS = (
					"DEBUG=1",
					"$(inherited)",
				);
				GCC_SYMBOLS_PRIVATE_EXTERN = NO;
				GCC_WARN_64_TO_32_BIT_CONVERSION = YES;
				GCC_WARN_ABOUT_RETURN_TYPE = YES_ERROR;
				GCC_WARN_UNDECLARED_SELECTOR = YES;
				GCC_WARN_UNINITIALIZED_AUTOS = YES_AGGRESSIVE;
				GCC_WARN_UNUSED_FUNCTION = YES;
				GCC_WARN_UNUSED_VARIABLE = YES;
				IPHONEOS_DEPLOYMENT_TARGET = 8.1;
				MTL_ENABLE_DEBUG_INFO = YES;
				ONLY_ACTIVE_ARCH = YES;
				SDKROOT = iphoneos;
				SWIFT_OPTIMIZATION_LEVEL = "-Onone";
				TARGETED_DEVICE_FAMILY = "1,2";
			};
			name = Debug;
		};
		CDE017D81A716E95001C4CA4 /* Release */ = {
			isa = XCBuildConfiguration;
			buildSettings = {
				ALWAYS_SEARCH_USER_PATHS = NO;
				CLANG_CXX_LANGUAGE_STANDARD = "gnu++0x";
				CLANG_CXX_LIBRARY = "libc++";
				CLANG_ENABLE_MODULES = YES;
				CLANG_ENABLE_OBJC_ARC = YES;
				CLANG_WARN_BOOL_CONVERSION = YES;
				CLANG_WARN_CONSTANT_CONVERSION = YES;
				CLANG_WARN_DIRECT_OBJC_ISA_USAGE = YES_ERROR;
				CLANG_WARN_EMPTY_BODY = YES;
				CLANG_WARN_ENUM_CONVERSION = YES;
				CLANG_WARN_INT_CONVERSION = YES;
				CLANG_WARN_OBJC_ROOT_CLASS = YES_ERROR;
				CLANG_WARN_UNREACHABLE_CODE = YES;
				CLANG_WARN__DUPLICATE_METHOD_MATCH = YES;
				"CODE_SIGN_IDENTITY[sdk=iphoneos*]" = "iPhone Developer";
				COPY_PHASE_STRIP = YES;
				ENABLE_NS_ASSERTIONS = NO;
				ENABLE_STRICT_OBJC_MSGSEND = YES;
				GCC_C_LANGUAGE_STANDARD = gnu99;
				GCC_WARN_64_TO_32_BIT_CONVERSION = YES;
				GCC_WARN_ABOUT_RETURN_TYPE = YES_ERROR;
				GCC_WARN_UNDECLARED_SELECTOR = YES;
				GCC_WARN_UNINITIALIZED_AUTOS = YES_AGGRESSIVE;
				GCC_WARN_UNUSED_FUNCTION = YES;
				GCC_WARN_UNUSED_VARIABLE = YES;
				IPHONEOS_DEPLOYMENT_TARGET = 8.1;
				MTL_ENABLE_DEBUG_INFO = NO;
				SDKROOT = iphoneos;
				TARGETED_DEVICE_FAMILY = "1,2";
				VALIDATE_PRODUCT = YES;
			};
			name = Release;
		};
		CDE017DA1A716E95001C4CA4 /* Debug */ = {
			isa = XCBuildConfiguration;
			buildSettings = {
				ASSETCATALOG_COMPILER_APPICON_NAME = AppIcon;
				INFOPLIST_FILE = ExchangeAGram/Info.plist;
				LD_RUNPATH_SEARCH_PATHS = "$(inherited) @executable_path/Frameworks";
				PRODUCT_NAME = "$(TARGET_NAME)";
			};
			name = Debug;
		};
		CDE017DB1A716E95001C4CA4 /* Release */ = {
			isa = XCBuildConfiguration;
			buildSettings = {
				ASSETCATALOG_COMPILER_APPICON_NAME = AppIcon;
				INFOPLIST_FILE = ExchangeAGram/Info.plist;
				LD_RUNPATH_SEARCH_PATHS = "$(inherited) @executable_path/Frameworks";
				PRODUCT_NAME = "$(TARGET_NAME)";
			};
			name = Release;
		};
		CDE017DD1A716E95001C4CA4 /* Debug */ = {
			isa = XCBuildConfiguration;
			buildSettings = {
				BUNDLE_LOADER = "$(TEST_HOST)";
				FRAMEWORK_SEARCH_PATHS = (
					"$(SDKROOT)/Developer/Library/Frameworks",
					"$(inherited)",
				);
				GCC_PREPROCESSOR_DEFINITIONS = (
					"DEBUG=1",
					"$(inherited)",
				);
				INFOPLIST_FILE = ExchangeAGramTests/Info.plist;
				LD_RUNPATH_SEARCH_PATHS = "$(inherited) @executable_path/Frameworks @loader_path/Frameworks";
				PRODUCT_NAME = "$(TARGET_NAME)";
				TEST_HOST = "$(BUILT_PRODUCTS_DIR)/ExchangeAGram.app/ExchangeAGram";
			};
			name = Debug;
		};
		CDE017DE1A716E95001C4CA4 /* Release */ = {
			isa = XCBuildConfiguration;
			buildSettings = {
				BUNDLE_LOADER = "$(TEST_HOST)";
				FRAMEWORK_SEARCH_PATHS = (
					"$(SDKROOT)/Developer/Library/Frameworks",
					"$(inherited)",
				);
				INFOPLIST_FILE = ExchangeAGramTests/Info.plist;
				LD_RUNPATH_SEARCH_PATHS = "$(inherited) @executable_path/Frameworks @loader_path/Frameworks";
				PRODUCT_NAME = "$(TARGET_NAME)";
				TEST_HOST = "$(BUILT_PRODUCTS_DIR)/ExchangeAGram.app/ExchangeAGram";
			};
			name = Release;
		};
/* End XCBuildConfiguration section */

/* Begin XCConfigurationList section */
		CDE017B21A716E95001C4CA4 /* Build configuration list for PBXProject "ExchangeAGram" */ = {
			isa = XCConfigurationList;
			buildConfigurations = (
				CDE017D71A716E95001C4CA4 /* Debug */,
				CDE017D81A716E95001C4CA4 /* Release */,
			);
			defaultConfigurationIsVisible = 0;
			defaultConfigurationName = Release;
		};
		CDE017D91A716E95001C4CA4 /* Build configuration list for PBXNativeTarget "ExchangeAGram" */ = {
			isa = XCConfigurationList;
			buildConfigurations = (
				CDE017DA1A716E95001C4CA4 /* Debug */,
				CDE017DB1A716E95001C4CA4 /* Release */,
			);
			defaultConfigurationIsVisible = 0;
			defaultConfigurationName = Release;
		};
		CDE017DC1A716E95001C4CA4 /* Build configuration list for PBXNativeTarget "ExchangeAGramTests" */ = {
			isa = XCConfigurationList;
			buildConfigurations = (
				CDE017DD1A716E95001C4CA4 /* Debug */,
				CDE017DE1A716E95001C4CA4 /* Release */,
			);
			defaultConfigurationIsVisible = 0;
			defaultConfigurationName = Release;
		};
/* End XCConfigurationList section */

/* Begin XCVersionGroup section */
		CDE017BE1A716E95001C4CA4 /* ExchangeAGram.xcdatamodeld */ = {
			isa = XCVersionGroup;
			children = (
				CDE017BF1A716E95001C4CA4 /* ExchangeAGram.xcdatamodel */,
			);
			currentVersion = CDE017BF1A716E95001C4CA4 /* ExchangeAGram.xcdatamodel */;
			path = ExchangeAGram.xcdatamodeld;
			sourceTree = "<group>";
			versionGroupType = wrapper.xcdatamodel;
		};
/* End XCVersionGroup section */
	};
	rootObject = CDE017AF1A716E95001C4CA4 /* Project object */;
}
